{
  "name": "@writetome51/arrays-match",
  "version": "1.0.5",
  "lockfileVersion": 1,
  "requires": true,
  "dependencies": {
    "@writetome51/is-array-not-array": {
      "version": "1.0.0",
      "resolved": "https://registry.npmjs.org/@writetome51/is-array-not-array/-/is-array-not-array-1.0.0.tgz",
      "integrity": "sha512-u3L1FTbTXKbC1lBVSnBwJ24qtrnyz10IbSAk7E9UgoYnn7jFw9+HuIVseoSIxPnPbn6JXesPDVLI/MYSey4rJQ=="
    },
    "@writetome51/is-empty-not-empty": {
      "version": "1.0.0",
      "resolved": "https://registry.npmjs.org/@writetome51/is-empty-not-empty/-/is-empty-not-empty-1.0.0.tgz",
      "integrity": "sha512-BHPiP5bHtY5+CMUpfMlMfnU+i/9aKtQTgPy+DSlnAe1u49afxLebO70CSK8c5qbFyQizoN1HEX1cbZiyY8jsfw==",
      "requires": {
        "error-if-not-integer-zero-or-greater": "~1.0.0"
      }
    },
    "@writetome51/is-finite-number": {
      "version": "1.0.0",
      "resolved": "https://registry.npmjs.org/@writetome51/is-finite-number/-/is-finite-number-1.0.0.tgz",
      "integrity": "sha512-xr1amNVh4HAfVbv9YbzGPvyo0gRykdwODNap3xMlhXIHkZJIuEsfRpuQzPkiEf+AWDxy/dcdwzVP9JMOnu8dUg=="
    },
    "@writetome51/is-integer-is-float": {
      "version": "1.0.0",
      "resolved": "https://registry.npmjs.org/@writetome51/is-integer-is-float/-/is-integer-is-float-1.0.0.tgz",
      "integrity": "sha512-j2qLoQaxXzwctUkWvj6Ce02qhoO0e79jCC1aHYG5wD0tapjlKSHfmXeV22Wtnba/Hg+ajSxvMYAhczKwBwa9pA==",
      "requires": {
        "@writetome51/is-finite-number": "~1.0.0"
      }
    },
    "error-if-not-array": {
      "version": "1.0.0",
      "resolved": "https://registry.npmjs.org/error-if-not-array/-/error-if-not-array-1.0.0.tgz",
      "integrity": "sha512-Rh2IEwUKK9+60FnaBBJxaLwF8V2NrQPOBSJQePZqzCNUp+n6ETIOfyA4tKfoN8xaCD2dawmiRMWKgErM6vjE8Q==",
      "requires": {
        "@writetome51/is-array-not-array": "~1.0.0"
      }
    },
    "error-if-not-finite-number": {
      "version": "1.0.0",
      "resolved": "https://registry.npmjs.org/error-if-not-finite-number/-/error-if-not-finite-number-1.0.0.tgz",
      "integrity": "sha512-/G8OPGiHP4NLTuXmx28oOGCuj+KSyoOcor5ON3j8IVVR7aDGVA2LbZzyQXRGS2BTaMt0GnROR7amgzpXku2H5w==",
      "requires": {
        "@writetome51/is-finite-number": "~1.0.0"
      }
    },
    "error-if-not-integer": {
      "version": "1.0.0",
      "resolved": "https://registry.npmjs.org/error-if-not-integer/-/error-if-not-integer-1.0.0.tgz",
      "integrity": "sha512-Ut8ZDsm8/y1lB/rbByzZXbx61db7t2zh9LsjtsiIKFQiWhlZw3cFBMt0fU3DrakhVfZVD50txCX9gClde3abDw==",
      "requires": {
        "@writetome51/is-integer-is-float": "~1.0.0",
        "error-if-not-finite-number": "~1.0.0"
      }
    },
    "error-if-not-integer-zero-or-greater": {
      "version": "1.0.0",
      "resolved": "https://registry.npmjs.org/error-if-not-integer-zero-or-greater/-/error-if-not-integer-zero-or-greater-1.0.0.tgz",
      "integrity": "sha512-m+KocWV9yaF0eZaLbwtz8jD7cfpiZWqDc9cOLe/4QJfp/lpqlJUVan1CcbUsGciFwUYQdSybyy6gxD9jsDkSIw==",
      "requires": {
        "error-if-not-integer": "~1.0.0"
      }
    },
    "error-if-values-are-not-arrays": {
      "version": "1.0.3",
      "resolved": "https://registry.npmjs.org/error-if-values-are-not-arrays/-/error-if-values-are-not-arrays-1.0.3.tgz",
      "integrity": "sha512-YzO5HykTObGeEp33nVl6VSFOQWw5QJ7BH9YoSzLNZh+sx0TFVB+xDXVBb+OkYiTQuVDHDSFbWRQwXLiVv5EqEg==",
      "requires": {
        "error-if-not-array": "~1.0.0"
      }
    }
  }
}
